
Microsoft Visual Studio Solution File, Format Version 12.00
# Visual Studio Version 17
VisualStudioVersion = 17.13.35818.85
MinimumVisualStudioVersion = 10.0.40219.1
Project("{FAE04EC0-301F-11D3-BF4B-00C04F79EFBC}") = "Lab12", "Lab12\Lab12.csproj", "{1AB190F6-D230-4455-A144-D1BFBCCC4B13}"
EndProject
Project("{FAE04EC0-301F-11D3-BF4B-00C04F79EFBC}") = "ShapesLib", "..\Lab11\ShapesLib\ShapesLib.csproj", "{2320C0EC-257D-41A7-841F-DB034D58EB13}"
EndProject
Project("{FAE04EC0-301F-11D3-BF4B-00C04F79EFBC}") = "Lab12-TESTS", "Lab12-TESTS\Lab12-TESTS.csproj", "{DFAAC089-059A-41A0-A340-B1CEB9B3E5AF}"
EndProject
Global
	GlobalSection(SolutionConfigurationPlatforms) = preSolution
		Debug|Any CPU = Debug|Any CPU
		Release|Any CPU = Release|Any CPU
	EndGlobalSection
	GlobalSection(ProjectConfigurationPlatforms) = postSolution
		{1AB190F6-D230-4455-A144-D1BFBCCC4B13}.Debug|Any CPU.ActiveCfg = Debug|Any CPU
		{1AB190F6-D230-4455-A144-D1BFBCCC4B13}.Debug|Any CPU.Build.0 = Debug|Any CPU
		{1AB190F6-D230-4455-A144-D1BFBCCC4B13}.Release|Any CPU.ActiveCfg = Release|Any CPU
		{1AB190F6-D230-4455-A144-D1BFBCCC4B13}.Release|Any CPU.Build.0 = Release|Any CPU
		{2320C0EC-257D-41A7-841F-DB034D58EB13}.Debug|Any CPU.ActiveCfg = Debug|Any CPU
		{2320C0EC-257D-41A7-841F-DB034D58EB13}.Debug|Any CPU.Build.0 = Debug|Any CPU
		{2320C0EC-257D-41A7-841F-DB034D58EB13}.Release|Any CPU.ActiveCfg = Release|Any CPU
		{2320C0EC-257D-41A7-841F-DB034D58EB13}.Release|Any CPU.Build.0 = Release|Any CPU
		{DFAAC089-059A-41A0-A340-B1CEB9B3E5AF}.Debug|Any CPU.ActiveCfg = Debug|Any CPU
		{DFAAC089-059A-41A0-A340-B1CEB9B3E5AF}.Debug|Any CPU.Build.0 = Debug|Any CPU
		{DFAAC089-059A-41A0-A340-B1CEB9B3E5AF}.Release|Any CPU.ActiveCfg = Release|Any CPU
		{DFAAC089-059A-41A0-A340-B1CEB9B3E5AF}.Release|Any CPU.Build.0 = Release|Any CPU
	EndGlobalSection
	GlobalSection(SolutionProperties) = preSolution
		HideSolutionNode = FALSE
	EndGlobalSection
	GlobalSection(ExtensibilityGlobals) = postSolution
		SolutionGuid = {6FD5A1DC-B61A-4B56-AAC4-BAC7859872E9}
	EndGlobalSection
EndGlobal
